
Microsoft Visual Studio Solution File, Format Version 12.00
# Visual Studio Version 17
VisualStudioVersion = 17.4.33205.214
MinimumVisualStudioVersion = 10.0.40219.1
Project("{FAE04EC0-301F-11D3-BF4B-00C04F79EFBC}") = "MathQuiz", "MathQuiz.csproj", "{A21B5E74-1621-4A2B-A7EC-A1702881CE03}"
EndProject
Global
	GlobalSection(SolutionConfigurationPlatforms) = preSolution
		Debug|Any CPU = Debug|Any CPU
		Release|Any CPU = Release|Any CPU
	EndGlobalSection
	GlobalSection(ProjectConfigurationPlatforms) = postSolution
		{A21B5E74-1621-4A2B-A7EC-A1702881CE03}.Debug|Any CPU.ActiveCfg = Debug|Any CPU
		{A21B5E74-1621-4A2B-A7EC-A1702881CE03}.Debug|Any CPU.Build.0 = Debug|Any CPU
		{A21B5E74-1621-4A2B-A7EC-A1702881CE03}.Release|Any CPU.ActiveCfg = Release|Any CPU
		{A21B5E74-1621-4A2B-A7EC-A1702881CE03}.Release|Any CPU.Build.0 = Release|Any CPU
	EndGlobalSection
	GlobalSection(SolutionProperties) = preSolution
		HideSolutionNode = FALSE
	EndGlobalSection
	GlobalSection(ExtensibilityGlobals) = postSolution
		SolutionGuid = {46ED12A4-FC58-4B69-B790-3DA11E2E1117}
	EndGlobalSection
EndGlobal
