
Microsoft Visual Studio Solution File, Format Version 12.00
# Visual Studio Version 17
VisualStudioVersion = 17.4.33205.214
MinimumVisualStudioVersion = 10.0.40219.1
Project("{FAE04EC0-301F-11D3-BF4B-00C04F79EFBC}") = "Tower of Hanoi", "Tower of Hanoi.csproj", "{E81A4056-D6F2-4CE4-9756-248DCBEFCDD0}"
EndProject
Global
	GlobalSection(SolutionConfigurationPlatforms) = preSolution
		Debug|Any CPU = Debug|Any CPU
		Release|Any CPU = Release|Any CPU
	EndGlobalSection
	GlobalSection(ProjectConfigurationPlatforms) = postSolution
		{E81A4056-D6F2-4CE4-9756-248DCBEFCDD0}.Debug|Any CPU.ActiveCfg = Debug|Any CPU
		{E81A4056-D6F2-4CE4-9756-248DCBEFCDD0}.Debug|Any CPU.Build.0 = Debug|Any CPU
		{E81A4056-D6F2-4CE4-9756-248DCBEFCDD0}.Release|Any CPU.ActiveCfg = Release|Any CPU
		{E81A4056-D6F2-4CE4-9756-248DCBEFCDD0}.Release|Any CPU.Build.0 = Release|Any CPU
	EndGlobalSection
	GlobalSection(SolutionProperties) = preSolution
		HideSolutionNode = FALSE
	EndGlobalSection
	GlobalSection(ExtensibilityGlobals) = postSolution
		SolutionGuid = {EC38E053-EAF3-4C71-86D9-4BD4779BDF77}
	EndGlobalSection
EndGlobal
