
Microsoft Visual Studio Solution File, Format Version 12.00
# Visual Studio Version 17
VisualStudioVersion = 17.4.33205.214
MinimumVisualStudioVersion = 10.0.40219.1
Project("{FAE04EC0-301F-11D3-BF4B-00C04F79EFBC}") = "SongApp", "SongApp.csproj", "{94E3057E-B59B-4D6A-8399-EB7C3859ED45}"
	ProjectSection(ProjectDependencies) = postProject
		{1BECCFF3-A99E-4086-B3D7-6BC0FE13A6AB} = {1BECCFF3-A99E-4086-B3D7-6BC0FE13A6AB}
	EndProjectSection
EndProject
Project("{FAE04EC0-301F-11D3-BF4B-00C04F79EFBC}") = "SongLib", "..\SongLib\SongLib.csproj", "{1BECCFF3-A99E-4086-B3D7-6BC0FE13A6AB}"
EndProject
Global
	GlobalSection(SolutionConfigurationPlatforms) = preSolution
		Debug|Any CPU = Debug|Any CPU
		Release|Any CPU = Release|Any CPU
	EndGlobalSection
	GlobalSection(ProjectConfigurationPlatforms) = postSolution
		{94E3057E-B59B-4D6A-8399-EB7C3859ED45}.Debug|Any CPU.ActiveCfg = Debug|Any CPU
		{94E3057E-B59B-4D6A-8399-EB7C3859ED45}.Debug|Any CPU.Build.0 = Debug|Any CPU
		{94E3057E-B59B-4D6A-8399-EB7C3859ED45}.Release|Any CPU.ActiveCfg = Release|Any CPU
		{94E3057E-B59B-4D6A-8399-EB7C3859ED45}.Release|Any CPU.Build.0 = Release|Any CPU
		{1BECCFF3-A99E-4086-B3D7-6BC0FE13A6AB}.Debug|Any CPU.ActiveCfg = Debug|Any CPU
		{1BECCFF3-A99E-4086-B3D7-6BC0FE13A6AB}.Debug|Any CPU.Build.0 = Debug|Any CPU
		{1BECCFF3-A99E-4086-B3D7-6BC0FE13A6AB}.Release|Any CPU.ActiveCfg = Release|Any CPU
		{1BECCFF3-A99E-4086-B3D7-6BC0FE13A6AB}.Release|Any CPU.Build.0 = Release|Any CPU
	EndGlobalSection
	GlobalSection(SolutionProperties) = preSolution
		HideSolutionNode = FALSE
	EndGlobalSection
	GlobalSection(ExtensibilityGlobals) = postSolution
		SolutionGuid = {BED1E52E-0425-4B10-B3AA-0C9434017897}
	EndGlobalSection
EndGlobal
