
Microsoft Visual Studio Solution File, Format Version 12.00
# Visual Studio Version 17
VisualStudioVersion = 17.4.33205.214
MinimumVisualStudioVersion = 10.0.40219.1
Project("{FAE04EC0-301F-11D3-BF4B-00C04F79EFBC}") = "FavoriteColorAndNumber", "FavoriteColorAndNumber.csproj", "{A94DAAE0-6AD4-4380-933C-6276B810CCB8}"
EndProject
Global
	GlobalSection(SolutionConfigurationPlatforms) = preSolution
		Debug|Any CPU = Debug|Any CPU
		Release|Any CPU = Release|Any CPU
	EndGlobalSection
	GlobalSection(ProjectConfigurationPlatforms) = postSolution
		{A94DAAE0-6AD4-4380-933C-6276B810CCB8}.Debug|Any CPU.ActiveCfg = Debug|Any CPU
		{A94DAAE0-6AD4-4380-933C-6276B810CCB8}.Debug|Any CPU.Build.0 = Debug|Any CPU
		{A94DAAE0-6AD4-4380-933C-6276B810CCB8}.Release|Any CPU.ActiveCfg = Release|Any CPU
		{A94DAAE0-6AD4-4380-933C-6276B810CCB8}.Release|Any CPU.Build.0 = Release|Any CPU
	EndGlobalSection
	GlobalSection(SolutionProperties) = preSolution
		HideSolutionNode = FALSE
	EndGlobalSection
	GlobalSection(ExtensibilityGlobals) = postSolution
		SolutionGuid = {A2100722-5825-4783-8571-AD8AA60A5AA1}
	EndGlobalSection
EndGlobal
