
Microsoft Visual Studio Solution File, Format Version 12.00
# Visual Studio Version 17
VisualStudioVersion = 17.4.33205.214
MinimumVisualStudioVersion = 10.0.40219.1
Project("{FAE04EC0-301F-11D3-BF4B-00C04F79EFBC}") = "CoinFlip", "CoinFlip.csproj", "{07C90421-402F-47EB-BDF9-5C0298C49A79}"
EndProject
Global
	GlobalSection(SolutionConfigurationPlatforms) = preSolution
		Debug|Any CPU = Debug|Any CPU
		Release|Any CPU = Release|Any CPU
	EndGlobalSection
	GlobalSection(ProjectConfigurationPlatforms) = postSolution
		{07C90421-402F-47EB-BDF9-5C0298C49A79}.Debug|Any CPU.ActiveCfg = Debug|Any CPU
		{07C90421-402F-47EB-BDF9-5C0298C49A79}.Debug|Any CPU.Build.0 = Debug|Any CPU
		{07C90421-402F-47EB-BDF9-5C0298C49A79}.Release|Any CPU.ActiveCfg = Release|Any CPU
		{07C90421-402F-47EB-BDF9-5C0298C49A79}.Release|Any CPU.Build.0 = Release|Any CPU
	EndGlobalSection
	GlobalSection(SolutionProperties) = preSolution
		HideSolutionNode = FALSE
	EndGlobalSection
	GlobalSection(ExtensibilityGlobals) = postSolution
		SolutionGuid = {3142D6D1-D77A-42AF-8B34-B181EF0E7F88}
	EndGlobalSection
EndGlobal
