
Microsoft Visual Studio Solution File, Format Version 12.00
# Visual Studio Version 17
VisualStudioVersion = 17.4.33205.214
MinimumVisualStudioVersion = 10.0.40219.1
Project("{FAE04EC0-301F-11D3-BF4B-00C04F79EFBC}") = "Sherlock", "Sherlock.csproj", "{131078EA-AF76-44CF-B3D9-637ED8BAEC02}"
EndProject
Global
	GlobalSection(SolutionConfigurationPlatforms) = preSolution
		Debug|Any CPU = Debug|Any CPU
		Release|Any CPU = Release|Any CPU
	EndGlobalSection
	GlobalSection(ProjectConfigurationPlatforms) = postSolution
		{131078EA-AF76-44CF-B3D9-637ED8BAEC02}.Debug|Any CPU.ActiveCfg = Debug|Any CPU
		{131078EA-AF76-44CF-B3D9-637ED8BAEC02}.Debug|Any CPU.Build.0 = Debug|Any CPU
		{131078EA-AF76-44CF-B3D9-637ED8BAEC02}.Release|Any CPU.ActiveCfg = Release|Any CPU
		{131078EA-AF76-44CF-B3D9-637ED8BAEC02}.Release|Any CPU.Build.0 = Release|Any CPU
	EndGlobalSection
	GlobalSection(SolutionProperties) = preSolution
		HideSolutionNode = FALSE
	EndGlobalSection
	GlobalSection(ExtensibilityGlobals) = postSolution
		SolutionGuid = {44FDF129-2D5E-434C-9357-714E94A7D5FF}
	EndGlobalSection
EndGlobal
