
Microsoft Visual Studio Solution File, Format Version 12.00
# Visual Studio Version 17
VisualStudioVersion = 17.4.33205.214
MinimumVisualStudioVersion = 10.0.40219.1
Project("{FAE04EC0-301F-11D3-BF4B-00C04F79EFBC}") = "PeopleList", "PeopleList.csproj", "{9636BBA2-4C7C-41E9-9D98-48D4E0621BD7}"
EndProject
Global
	GlobalSection(SolutionConfigurationPlatforms) = preSolution
		Debug|Any CPU = Debug|Any CPU
		Release|Any CPU = Release|Any CPU
	EndGlobalSection
	GlobalSection(ProjectConfigurationPlatforms) = postSolution
		{9636BBA2-4C7C-41E9-9D98-48D4E0621BD7}.Debug|Any CPU.ActiveCfg = Debug|Any CPU
		{9636BBA2-4C7C-41E9-9D98-48D4E0621BD7}.Debug|Any CPU.Build.0 = Debug|Any CPU
		{9636BBA2-4C7C-41E9-9D98-48D4E0621BD7}.Release|Any CPU.ActiveCfg = Release|Any CPU
		{9636BBA2-4C7C-41E9-9D98-48D4E0621BD7}.Release|Any CPU.Build.0 = Release|Any CPU
	EndGlobalSection
	GlobalSection(SolutionProperties) = preSolution
		HideSolutionNode = FALSE
	EndGlobalSection
	GlobalSection(ExtensibilityGlobals) = postSolution
		SolutionGuid = {67F3F219-2027-43D7-AF72-1B6FA1E09B40}
	EndGlobalSection
EndGlobal
