
Microsoft Visual Studio Solution File, Format Version 12.00
# Visual Studio Version 17
VisualStudioVersion = 17.4.33205.214
MinimumVisualStudioVersion = 10.0.40219.1
Project("{FAE04EC0-301F-11D3-BF4B-00C04F79EFBC}") = "Team2NumberSort", "Team2NumberSort.csproj", "{7AE739EA-BAB6-4712-8B21-9E2A8B201AD7}"
EndProject
Global
	GlobalSection(SolutionConfigurationPlatforms) = preSolution
		Debug|Any CPU = Debug|Any CPU
		Release|Any CPU = Release|Any CPU
	EndGlobalSection
	GlobalSection(ProjectConfigurationPlatforms) = postSolution
		{7AE739EA-BAB6-4712-8B21-9E2A8B201AD7}.Debug|Any CPU.ActiveCfg = Debug|Any CPU
		{7AE739EA-BAB6-4712-8B21-9E2A8B201AD7}.Debug|Any CPU.Build.0 = Debug|Any CPU
		{7AE739EA-BAB6-4712-8B21-9E2A8B201AD7}.Release|Any CPU.ActiveCfg = Release|Any CPU
		{7AE739EA-BAB6-4712-8B21-9E2A8B201AD7}.Release|Any CPU.Build.0 = Release|Any CPU
	EndGlobalSection
	GlobalSection(SolutionProperties) = preSolution
		HideSolutionNode = FALSE
	EndGlobalSection
	GlobalSection(ExtensibilityGlobals) = postSolution
		SolutionGuid = {F0207015-6140-45DB-B22C-A421EF8E964C}
	EndGlobalSection
EndGlobal
